
Microsoft Visual Studio Solution File, Format Version 12.00
# Visual Studio Version 17
VisualStudioVersion = 17.0.31903.59
MinimumVisualStudioVersion = 10.0.40219.1
Project("{FAE04EC0-301F-11D3-BF4B-00C04F79EFBC}") = "TheGamesDen.HelloTriangle", "TheGamesDen.HelloTriangle\TheGamesDen.HelloTriangle.csproj", "{A2A59E38-4810-46A7-9828-4EF4EA1C5F52}"
EndProject
Project("{FAE04EC0-301F-11D3-BF4B-00C04F79EFBC}") = "TheGamesDen.RotatingCube", "TheGamesDen.RotatingCube\TheGamesDen.RotatingCube.csproj", "{A171FC06-85C6-461C-8614-E0E8DF7CF9C8}"
EndProject
Global
	GlobalSection(SolutionConfigurationPlatforms) = preSolution
		Debug|Any CPU = Debug|Any CPU
		Release|Any CPU = Release|Any CPU
	EndGlobalSection
	GlobalSection(SolutionProperties) = preSolution
		HideSolutionNode = FALSE
	EndGlobalSection
	GlobalSection(ProjectConfigurationPlatforms) = postSolution
		{A2A59E38-4810-46A7-9828-4EF4EA1C5F52}.Debug|Any CPU.ActiveCfg = Debug|Any CPU
		{A2A59E38-4810-46A7-9828-4EF4EA1C5F52}.Debug|Any CPU.Build.0 = Debug|Any CPU
		{A2A59E38-4810-46A7-9828-4EF4EA1C5F52}.Release|Any CPU.ActiveCfg = Release|Any CPU
		{A2A59E38-4810-46A7-9828-4EF4EA1C5F52}.Release|Any CPU.Build.0 = Release|Any CPU
		{A171FC06-85C6-461C-8614-E0E8DF7CF9C8}.Debug|Any CPU.ActiveCfg = Debug|Any CPU
		{A171FC06-85C6-461C-8614-E0E8DF7CF9C8}.Debug|Any CPU.Build.0 = Debug|Any CPU
		{A171FC06-85C6-461C-8614-E0E8DF7CF9C8}.Release|Any CPU.ActiveCfg = Release|Any CPU
		{A171FC06-85C6-461C-8614-E0E8DF7CF9C8}.Release|Any CPU.Build.0 = Release|Any CPU
	EndGlobalSection
EndGlobal
